
Microsoft Visual Studio Solution File, Format Version 12.00
# Visual Studio Version 16
VisualStudioVersion = 16.0.30114.105
MinimumVisualStudioVersion = 10.0.40219.1
Project("{FAE04EC0-301F-11D3-BF4B-00C04F79EFBC}") = "TinyShop", "TinyShop\TinyShop.csproj", "{EB20F6CC-6FAF-43CE-9937-D3E93B3FCA15}"
EndProject
Project("{FAE04EC0-301F-11D3-BF4B-00C04F79EFBC}") = "Data", "Data\Data.csproj", "{BDD8F35F-AE42-4CD6-85F2-3419E6691F45}"
EndProject
Global
	GlobalSection(SolutionConfigurationPlatforms) = preSolution
		Debug|Any CPU = Debug|Any CPU
		Release|Any CPU = Release|Any CPU
	EndGlobalSection
	GlobalSection(ProjectConfigurationPlatforms) = postSolution
		{EB20F6CC-6FAF-43CE-9937-D3E93B3FCA15}.Debug|Any CPU.ActiveCfg = Debug|Any CPU
		{EB20F6CC-6FAF-43CE-9937-D3E93B3FCA15}.Debug|Any CPU.Build.0 = Debug|Any CPU
		{EB20F6CC-6FAF-43CE-9937-D3E93B3FCA15}.Release|Any CPU.ActiveCfg = Release|Any CPU
		{EB20F6CC-6FAF-43CE-9937-D3E93B3FCA15}.Release|Any CPU.Build.0 = Release|Any CPU
		{BDD8F35F-AE42-4CD6-85F2-3419E6691F45}.Debug|Any CPU.ActiveCfg = Debug|Any CPU
		{BDD8F35F-AE42-4CD6-85F2-3419E6691F45}.Debug|Any CPU.Build.0 = Debug|Any CPU
		{BDD8F35F-AE42-4CD6-85F2-3419E6691F45}.Release|Any CPU.ActiveCfg = Release|Any CPU
		{BDD8F35F-AE42-4CD6-85F2-3419E6691F45}.Release|Any CPU.Build.0 = Release|Any CPU
	EndGlobalSection
	GlobalSection(SolutionProperties) = preSolution
		HideSolutionNode = FALSE
	EndGlobalSection
	GlobalSection(ExtensibilityGlobals) = postSolution
		SolutionGuid = {4838B9E5-1468-4E64-9779-7B41727C81F3}
	EndGlobalSection
EndGlobal
